
Microsoft Visual Studio Solution File, Format Version 12.00
# Visual Studio Version 16
VisualStudioVersion = 16.0.31129.286
MinimumVisualStudioVersion = 10.0.40219.1
Project("{9A19103F-16F7-4668-BE54-9A1E7A4F7556}") = "VirtualTableTestingPlugins", "VirtualTableTestingPlugins\VirtualTableTestingPlugins.csproj", "{4FB4E9BA-87CF-4047-9EDF-24DC709096D1}"
EndProject
Global
	GlobalSection(SolutionConfigurationPlatforms) = preSolution
		Debug|Any CPU = Debug|Any CPU
		Release|Any CPU = Release|Any CPU
	EndGlobalSection
	GlobalSection(ProjectConfigurationPlatforms) = postSolution
		{4FB4E9BA-87CF-4047-9EDF-24DC709096D1}.Debug|Any CPU.ActiveCfg = Debug|Any CPU
		{4FB4E9BA-87CF-4047-9EDF-24DC709096D1}.Debug|Any CPU.Build.0 = Debug|Any CPU
		{4FB4E9BA-87CF-4047-9EDF-24DC709096D1}.Release|Any CPU.ActiveCfg = Release|Any CPU
		{4FB4E9BA-87CF-4047-9EDF-24DC709096D1}.Release|Any CPU.Build.0 = Release|Any CPU
	EndGlobalSection
	GlobalSection(SolutionProperties) = preSolution
		HideSolutionNode = FALSE
	EndGlobalSection
	GlobalSection(ExtensibilityGlobals) = postSolution
		SolutionGuid = {A1C2F5A1-A582-4EC6-8F36-8C65E659A7CD}
	EndGlobalSection
EndGlobal
